
Microsoft Visual Studio Solution File, Format Version 12.00
# Visual Studio 15
VisualStudioVersion = 15.0.27130.2024
MinimumVisualStudioVersion = 10.0.40219.1
Project("{FAE04EC0-301F-11D3-BF4B-00C04F79EFBC}") = "XF.VKNG.Notes.Android", "XF.VKNG.Notes\XF.VKNG.Notes.Android\XF.VKNG.Notes.Android.csproj", "{7407AC7F-3BBA-493C-B61A-35F563A60C54}"
EndProject
Project("{FAE04EC0-301F-11D3-BF4B-00C04F79EFBC}") = "XF.VKNG.Notes.iOS", "XF.VKNG.Notes\XF.VKNG.Notes.iOS\XF.VKNG.Notes.iOS.csproj", "{BB9F4238-098F-42A0-92C0-59A0ECF968CB}"
EndProject
Project("{FAE04EC0-301F-11D3-BF4B-00C04F79EFBC}") = "XF.VKNG.Notes.UWP", "XF.VKNG.Notes\XF.VKNG.Notes.UWP\XF.VKNG.Notes.UWP.csproj", "{F62F4D12-B19A-48AA-B010-42F3F565F2AF}"
EndProject
Project("{FAE04EC0-301F-11D3-BF4B-00C04F79EFBC}") = "XF.VKNG.Notes", "XF.VKNG.Notes\XF.VKNG.Notes\XF.VKNG.Notes.csproj", "{E317C5FB-5D5E-4B75-AFC3-973FE2715617}"
EndProject
Global
	GlobalSection(SolutionConfigurationPlatforms) = preSolution
		Ad-Hoc|Any CPU = Ad-Hoc|Any CPU
		Ad-Hoc|ARM = Ad-Hoc|ARM
		Ad-Hoc|iPhone = Ad-Hoc|iPhone
		Ad-Hoc|iPhoneSimulator = Ad-Hoc|iPhoneSimulator
		Ad-Hoc|x64 = Ad-Hoc|x64
		Ad-Hoc|x86 = Ad-Hoc|x86
		AppStore|Any CPU = AppStore|Any CPU
		AppStore|ARM = AppStore|ARM
		AppStore|iPhone = AppStore|iPhone
		AppStore|iPhoneSimulator = AppStore|iPhoneSimulator
		AppStore|x64 = AppStore|x64
		AppStore|x86 = AppStore|x86
		Debug|Any CPU = Debug|Any CPU
		Debug|ARM = Debug|ARM
		Debug|iPhone = Debug|iPhone
		Debug|iPhoneSimulator = Debug|iPhoneSimulator
		Debug|x64 = Debug|x64
		Debug|x86 = Debug|x86
		Release|Any CPU = Release|Any CPU
		Release|ARM = Release|ARM
		Release|iPhone = Release|iPhone
		Release|iPhoneSimulator = Release|iPhoneSimulator
		Release|x64 = Release|x64
		Release|x86 = Release|x86
	EndGlobalSection
	GlobalSection(ProjectConfigurationPlatforms) = postSolution
		{7407AC7F-3BBA-493C-B61A-35F563A60C54}.Ad-Hoc|Any CPU.ActiveCfg = Release|Any CPU
		{7407AC7F-3BBA-493C-B61A-35F563A60C54}.Ad-Hoc|Any CPU.Build.0 = Release|Any CPU
		{7407AC7F-3BBA-493C-B61A-35F563A60C54}.Ad-Hoc|Any CPU.Deploy.0 = Release|Any CPU
		{7407AC7F-3BBA-493C-B61A-35F563A60C54}.Ad-Hoc|ARM.ActiveCfg = Release|Any CPU
		{7407AC7F-3BBA-493C-B61A-35F563A60C54}.Ad-Hoc|ARM.Build.0 = Release|Any CPU
		{7407AC7F-3BBA-493C-B61A-35F563A60C54}.Ad-Hoc|ARM.Deploy.0 = Release|Any CPU
		{7407AC7F-3BBA-493C-B61A-35F563A60C54}.Ad-Hoc|iPhone.ActiveCfg = Release|Any CPU
		{7407AC7F-3BBA-493C-B61A-35F563A60C54}.Ad-Hoc|iPhone.Build.0 = Release|Any CPU
		{7407AC7F-3BBA-493C-B61A-35F563A60C54}.Ad-Hoc|iPhone.Deploy.0 = Release|Any CPU
		{7407AC7F-3BBA-493C-B61A-35F563A60C54}.Ad-Hoc|iPhoneSimulator.ActiveCfg = Release|Any CPU
		{7407AC7F-3BBA-493C-B61A-35F563A60C54}.Ad-Hoc|iPhoneSimulator.Build.0 = Release|Any CPU
		{7407AC7F-3BBA-493C-B61A-35F563A60C54}.Ad-Hoc|iPhoneSimulator.Deploy.0 = Release|Any CPU
		{7407AC7F-3BBA-493C-B61A-35F563A60C54}.Ad-Hoc|x64.ActiveCfg = Release|Any CPU
		{7407AC7F-3BBA-493C-B61A-35F563A60C54}.Ad-Hoc|x64.Build.0 = Release|Any CPU
		{7407AC7F-3BBA-493C-B61A-35F563A60C54}.Ad-Hoc|x64.Deploy.0 = Release|Any CPU
		{7407AC7F-3BBA-493C-B61A-35F563A60C54}.Ad-Hoc|x86.ActiveCfg = Release|Any CPU
		{7407AC7F-3BBA-493C-B61A-35F563A60C54}.Ad-Hoc|x86.Build.0 = Release|Any CPU
		{7407AC7F-3BBA-493C-B61A-35F563A60C54}.Ad-Hoc|x86.Deploy.0 = Release|Any CPU
		{7407AC7F-3BBA-493C-B61A-35F563A60C54}.AppStore|Any CPU.ActiveCfg = Release|Any CPU
		{7407AC7F-3BBA-493C-B61A-35F563A60C54}.AppStore|Any CPU.Build.0 = Release|Any CPU
		{7407AC7F-3BBA-493C-B61A-35F563A60C54}.AppStore|Any CPU.Deploy.0 = Release|Any CPU
		{7407AC7F-3BBA-493C-B61A-35F563A60C54}.AppStore|ARM.ActiveCfg = Release|Any CPU
		{7407AC7F-3BBA-493C-B61A-35F563A60C54}.AppStore|ARM.Build.0 = Release|Any CPU
		{7407AC7F-3BBA-493C-B61A-35F563A60C54}.AppStore|ARM.Deploy.0 = Release|Any CPU
		{7407AC7F-3BBA-493C-B61A-35F563A60C54}.AppStore|iPhone.ActiveCfg = Release|Any CPU
		{7407AC7F-3BBA-493C-B61A-35F563A60C54}.AppStore|iPhone.Build.0 = Release|Any CPU
		{7407AC7F-3BBA-493C-B61A-35F563A60C54}.AppStore|iPhone.Deploy.0 = Release|Any CPU
		{7407AC7F-3BBA-493C-B61A-35F563A60C54}.AppStore|iPhoneSimulator.ActiveCfg = Release|Any CPU
		{7407AC7F-3BBA-493C-B61A-35F563A60C54}.AppStore|iPhoneSimulator.Build.0 = Release|Any CPU
		{7407AC7F-3BBA-493C-B61A-35F563A60C54}.AppStore|iPhoneSimulator.Deploy.0 = Release|Any CPU
		{7407AC7F-3BBA-493C-B61A-35F563A60C54}.AppStore|x64.ActiveCfg = Release|Any CPU
		{7407AC7F-3BBA-493C-B61A-35F563A60C54}.AppStore|x64.Build.0 = Release|Any CPU
		{7407AC7F-3BBA-493C-B61A-35F563A60C54}.AppStore|x64.Deploy.0 = Release|Any CPU
		{7407AC7F-3BBA-493C-B61A-35F563A60C54}.AppStore|x86.ActiveCfg = Release|Any CPU
		{7407AC7F-3BBA-493C-B61A-35F563A60C54}.AppStore|x86.Build.0 = Release|Any CPU
		{7407AC7F-3BBA-493C-B61A-35F563A60C54}.AppStore|x86.Deploy.0 = Release|Any CPU
		{7407AC7F-3BBA-493C-B61A-35F563A60C54}.Debug|Any CPU.ActiveCfg = Debug|Any CPU
		{7407AC7F-3BBA-493C-B61A-35F563A60C54}.Debug|Any CPU.Build.0 = Debug|Any CPU
		{7407AC7F-3BBA-493C-B61A-35F563A60C54}.Debug|Any CPU.Deploy.0 = Debug|Any CPU
		{7407AC7F-3BBA-493C-B61A-35F563A60C54}.Debug|ARM.ActiveCfg = Debug|Any CPU
		{7407AC7F-3BBA-493C-B61A-35F563A60C54}.Debug|ARM.Build.0 = Debug|Any CPU
		{7407AC7F-3BBA-493C-B61A-35F563A60C54}.Debug|ARM.Deploy.0 = Debug|Any CPU
		{7407AC7F-3BBA-493C-B61A-35F563A60C54}.Debug|iPhone.ActiveCfg = Debug|Any CPU
		{7407AC7F-3BBA-493C-B61A-35F563A60C54}.Debug|iPhone.Build.0 = Debug|Any CPU
		{7407AC7F-3BBA-493C-B61A-35F563A60C54}.Debug|iPhone.Deploy.0 = Debug|Any CPU
		{7407AC7F-3BBA-493C-B61A-35F563A60C54}.Debug|iPhoneSimulator.ActiveCfg = Debug|Any CPU
		{7407AC7F-3BBA-493C-B61A-35F563A60C54}.Debug|iPhoneSimulator.Build.0 = Debug|Any CPU
		{7407AC7F-3BBA-493C-B61A-35F563A60C54}.Debug|iPhoneSimulator.Deploy.0 = Debug|Any CPU
		{7407AC7F-3BBA-493C-B61A-35F563A60C54}.Debug|x64.ActiveCfg = Debug|Any CPU
		{7407AC7F-3BBA-493C-B61A-35F563A60C54}.Debug|x64.Build.0 = Debug|Any CPU
		{7407AC7F-3BBA-493C-B61A-35F563A60C54}.Debug|x64.Deploy.0 = Debug|Any CPU
		{7407AC7F-3BBA-493C-B61A-35F563A60C54}.Debug|x86.ActiveCfg = Debug|Any CPU
		{7407AC7F-3BBA-493C-B61A-35F563A60C54}.Debug|x86.Build.0 = Debug|Any CPU
		{7407AC7F-3BBA-493C-B61A-35F563A60C54}.Debug|x86.Deploy.0 = Debug|Any CPU
		{7407AC7F-3BBA-493C-B61A-35F563A60C54}.Release|Any CPU.ActiveCfg = Release|Any CPU
		{7407AC7F-3BBA-493C-B61A-35F563A60C54}.Release|Any CPU.Build.0 = Release|Any CPU
		{7407AC7F-3BBA-493C-B61A-35F563A60C54}.Release|Any CPU.Deploy.0 = Release|Any CPU
		{7407AC7F-3BBA-493C-B61A-35F563A60C54}.Release|ARM.ActiveCfg = Release|Any CPU
		{7407AC7F-3BBA-493C-B61A-35F563A60C54}.Release|ARM.Build.0 = Release|Any CPU
		{7407AC7F-3BBA-493C-B61A-35F563A60C54}.Release|ARM.Deploy.0 = Release|Any CPU
		{7407AC7F-3BBA-493C-B61A-35F563A60C54}.Release|iPhone.ActiveCfg = Release|Any CPU
		{7407AC7F-3BBA-493C-B61A-35F563A60C54}.Release|iPhone.Build.0 = Release|Any CPU
		{7407AC7F-3BBA-493C-B61A-35F563A60C54}.Release|iPhone.Deploy.0 = Release|Any CPU
		{7407AC7F-3BBA-493C-B61A-35F563A60C54}.Release|iPhoneSimulator.ActiveCfg = Release|Any CPU
		{7407AC7F-3BBA-493C-B61A-35F563A60C54}.Release|iPhoneSimulator.Build.0 = Release|Any CPU
		{7407AC7F-3BBA-493C-B61A-35F563A60C54}.Release|iPhoneSimulator.Deploy.0 = Release|Any CPU
		{7407AC7F-3BBA-493C-B61A-35F563A60C54}.Release|x64.ActiveCfg = Release|Any CPU
		{7407AC7F-3BBA-493C-B61A-35F563A60C54}.Release|x64.Build.0 = Release|Any CPU
		{7407AC7F-3BBA-493C-B61A-35F563A60C54}.Release|x64.Deploy.0 = Release|Any CPU
		{7407AC7F-3BBA-493C-B61A-35F563A60C54}.Release|x86.ActiveCfg = Release|Any CPU
		{7407AC7F-3BBA-493C-B61A-35F563A60C54}.Release|x86.Build.0 = Release|Any CPU
		{7407AC7F-3BBA-493C-B61A-35F563A60C54}.Release|x86.Deploy.0 = Release|Any CPU
		{BB9F4238-098F-42A0-92C0-59A0ECF968CB}.Ad-Hoc|Any CPU.ActiveCfg = Ad-Hoc|iPhone
		{BB9F4238-098F-42A0-92C0-59A0ECF968CB}.Ad-Hoc|ARM.ActiveCfg = Ad-Hoc|iPhone
		{BB9F4238-098F-42A0-92C0-59A0ECF968CB}.Ad-Hoc|iPhone.ActiveCfg = Ad-Hoc|iPhone
		{BB9F4238-098F-42A0-92C0-59A0ECF968CB}.Ad-Hoc|iPhone.Build.0 = Ad-Hoc|iPhone
		{BB9F4238-098F-42A0-92C0-59A0ECF968CB}.Ad-Hoc|iPhoneSimulator.ActiveCfg = Ad-Hoc|iPhoneSimulator
		{BB9F4238-098F-42A0-92C0-59A0ECF968CB}.Ad-Hoc|iPhoneSimulator.Build.0 = Ad-Hoc|iPhoneSimulator
		{BB9F4238-098F-42A0-92C0-59A0ECF968CB}.Ad-Hoc|x64.ActiveCfg = Ad-Hoc|iPhone
		{BB9F4238-098F-42A0-92C0-59A0ECF968CB}.Ad-Hoc|x86.ActiveCfg = Ad-Hoc|iPhone
		{BB9F4238-098F-42A0-92C0-59A0ECF968CB}.AppStore|Any CPU.ActiveCfg = AppStore|iPhone
		{BB9F4238-098F-42A0-92C0-59A0ECF968CB}.AppStore|ARM.ActiveCfg = AppStore|iPhone
		{BB9F4238-098F-42A0-92C0-59A0ECF968CB}.AppStore|iPhone.ActiveCfg = AppStore|iPhone
		{BB9F4238-098F-42A0-92C0-59A0ECF968CB}.AppStore|iPhone.Build.0 = AppStore|iPhone
		{BB9F4238-098F-42A0-92C0-59A0ECF968CB}.AppStore|iPhoneSimulator.ActiveCfg = AppStore|iPhoneSimulator
		{BB9F4238-098F-42A0-92C0-59A0ECF968CB}.AppStore|iPhoneSimulator.Build.0 = AppStore|iPhoneSimulator
		{BB9F4238-098F-42A0-92C0-59A0ECF968CB}.AppStore|x64.ActiveCfg = AppStore|iPhone
		{BB9F4238-098F-42A0-92C0-59A0ECF968CB}.AppStore|x86.ActiveCfg = AppStore|iPhone
		{BB9F4238-098F-42A0-92C0-59A0ECF968CB}.Debug|Any CPU.ActiveCfg = Debug|iPhone
		{BB9F4238-098F-42A0-92C0-59A0ECF968CB}.Debug|ARM.ActiveCfg = Debug|iPhone
		{BB9F4238-098F-42A0-92C0-59A0ECF968CB}.Debug|iPhone.ActiveCfg = Debug|iPhone
		{BB9F4238-098F-42A0-92C0-59A0ECF968CB}.Debug|iPhone.Build.0 = Debug|iPhone
		{BB9F4238-098F-42A0-92C0-59A0ECF968CB}.Debug|iPhoneSimulator.ActiveCfg = Debug|iPhoneSimulator
		{BB9F4238-098F-42A0-92C0-59A0ECF968CB}.Debug|iPhoneSimulator.Build.0 = Debug|iPhoneSimulator
		{BB9F4238-098F-42A0-92C0-59A0ECF968CB}.Debug|x64.ActiveCfg = Debug|iPhone
		{BB9F4238-098F-42A0-92C0-59A0ECF968CB}.Debug|x86.ActiveCfg = Debug|iPhone
		{BB9F4238-098F-42A0-92C0-59A0ECF968CB}.Release|Any CPU.ActiveCfg = Release|iPhone
		{BB9F4238-098F-42A0-92C0-59A0ECF968CB}.Release|ARM.ActiveCfg = Release|iPhone
		{BB9F4238-098F-42A0-92C0-59A0ECF968CB}.Release|iPhone.ActiveCfg = Release|iPhone
		{BB9F4238-098F-42A0-92C0-59A0ECF968CB}.Release|iPhone.Build.0 = Release|iPhone
		{BB9F4238-098F-42A0-92C0-59A0ECF968CB}.Release|iPhoneSimulator.ActiveCfg = Release|iPhoneSimulator
		{BB9F4238-098F-42A0-92C0-59A0ECF968CB}.Release|iPhoneSimulator.Build.0 = Release|iPhoneSimulator
		{BB9F4238-098F-42A0-92C0-59A0ECF968CB}.Release|x64.ActiveCfg = Release|iPhone
		{BB9F4238-098F-42A0-92C0-59A0ECF968CB}.Release|x86.ActiveCfg = Release|iPhone
		{F62F4D12-B19A-48AA-B010-42F3F565F2AF}.Ad-Hoc|Any CPU.ActiveCfg = Release|x86
		{F62F4D12-B19A-48AA-B010-42F3F565F2AF}.Ad-Hoc|Any CPU.Build.0 = Release|x86
		{F62F4D12-B19A-48AA-B010-42F3F565F2AF}.Ad-Hoc|Any CPU.Deploy.0 = Release|x86
		{F62F4D12-B19A-48AA-B010-42F3F565F2AF}.Ad-Hoc|ARM.ActiveCfg = Release|ARM
		{F62F4D12-B19A-48AA-B010-42F3F565F2AF}.Ad-Hoc|ARM.Build.0 = Release|ARM
		{F62F4D12-B19A-48AA-B010-42F3F565F2AF}.Ad-Hoc|ARM.Deploy.0 = Release|ARM
		{F62F4D12-B19A-48AA-B010-42F3F565F2AF}.Ad-Hoc|iPhone.ActiveCfg = Release|x86
		{F62F4D12-B19A-48AA-B010-42F3F565F2AF}.Ad-Hoc|iPhone.Build.0 = Release|x86
		{F62F4D12-B19A-48AA-B010-42F3F565F2AF}.Ad-Hoc|iPhone.Deploy.0 = Release|x86
		{F62F4D12-B19A-48AA-B010-42F3F565F2AF}.Ad-Hoc|iPhoneSimulator.ActiveCfg = Release|x86
		{F62F4D12-B19A-48AA-B010-42F3F565F2AF}.Ad-Hoc|iPhoneSimulator.Build.0 = Release|x86
		{F62F4D12-B19A-48AA-B010-42F3F565F2AF}.Ad-Hoc|iPhoneSimulator.Deploy.0 = Release|x86
		{F62F4D12-B19A-48AA-B010-42F3F565F2AF}.Ad-Hoc|x64.ActiveCfg = Release|x64
		{F62F4D12-B19A-48AA-B010-42F3F565F2AF}.Ad-Hoc|x64.Build.0 = Release|x64
		{F62F4D12-B19A-48AA-B010-42F3F565F2AF}.Ad-Hoc|x64.Deploy.0 = Release|x64
		{F62F4D12-B19A-48AA-B010-42F3F565F2AF}.Ad-Hoc|x86.ActiveCfg = Release|x86
		{F62F4D12-B19A-48AA-B010-42F3F565F2AF}.Ad-Hoc|x86.Build.0 = Release|x86
		{F62F4D12-B19A-48AA-B010-42F3F565F2AF}.Ad-Hoc|x86.Deploy.0 = Release|x86
		{F62F4D12-B19A-48AA-B010-42F3F565F2AF}.AppStore|Any CPU.ActiveCfg = Release|x86
		{F62F4D12-B19A-48AA-B010-42F3F565F2AF}.AppStore|Any CPU.Build.0 = Release|x86
		{F62F4D12-B19A-48AA-B010-42F3F565F2AF}.AppStore|Any CPU.Deploy.0 = Release|x86
		{F62F4D12-B19A-48AA-B010-42F3F565F2AF}.AppStore|ARM.ActiveCfg = Release|ARM
		{F62F4D12-B19A-48AA-B010-42F3F565F2AF}.AppStore|ARM.Build.0 = Release|ARM
		{F62F4D12-B19A-48AA-B010-42F3F565F2AF}.AppStore|ARM.Deploy.0 = Release|ARM
		{F62F4D12-B19A-48AA-B010-42F3F565F2AF}.AppStore|iPhone.ActiveCfg = Release|x86
		{F62F4D12-B19A-48AA-B010-42F3F565F2AF}.AppStore|iPhone.Build.0 = Release|x86
		{F62F4D12-B19A-48AA-B010-42F3F565F2AF}.AppStore|iPhone.Deploy.0 = Release|x86
		{F62F4D12-B19A-48AA-B010-42F3F565F2AF}.AppStore|iPhoneSimulator.ActiveCfg = Release|x86
		{F62F4D12-B19A-48AA-B010-42F3F565F2AF}.AppStore|iPhoneSimulator.Build.0 = Release|x86
		{F62F4D12-B19A-48AA-B010-42F3F565F2AF}.AppStore|iPhoneSimulator.Deploy.0 = Release|x86
		{F62F4D12-B19A-48AA-B010-42F3F565F2AF}.AppStore|x64.ActiveCfg = Release|x64
		{F62F4D12-B19A-48AA-B010-42F3F565F2AF}.AppStore|x64.Build.0 = Release|x64
		{F62F4D12-B19A-48AA-B010-42F3F565F2AF}.AppStore|x64.Deploy.0 = Release|x64
		{F62F4D12-B19A-48AA-B010-42F3F565F2AF}.AppStore|x86.ActiveCfg = Release|x86
		{F62F4D12-B19A-48AA-B010-42F3F565F2AF}.AppStore|x86.Build.0 = Release|x86
		{F62F4D12-B19A-48AA-B010-42F3F565F2AF}.AppStore|x86.Deploy.0 = Release|x86
		{F62F4D12-B19A-48AA-B010-42F3F565F2AF}.Debug|Any CPU.ActiveCfg = Debug|x86
		{F62F4D12-B19A-48AA-B010-42F3F565F2AF}.Debug|ARM.ActiveCfg = Debug|ARM
		{F62F4D12-B19A-48AA-B010-42F3F565F2AF}.Debug|ARM.Build.0 = Debug|ARM
		{F62F4D12-B19A-48AA-B010-42F3F565F2AF}.Debug|ARM.Deploy.0 = Debug|ARM
		{F62F4D12-B19A-48AA-B010-42F3F565F2AF}.Debug|iPhone.ActiveCfg = Debug|x86
		{F62F4D12-B19A-48AA-B010-42F3F565F2AF}.Debug|iPhoneSimulator.ActiveCfg = Debug|x86
		{F62F4D12-B19A-48AA-B010-42F3F565F2AF}.Debug|x64.ActiveCfg = Debug|x64
		{F62F4D12-B19A-48AA-B010-42F3F565F2AF}.Debug|x64.Build.0 = Debug|x64
		{F62F4D12-B19A-48AA-B010-42F3F565F2AF}.Debug|x64.Deploy.0 = Debug|x64
		{F62F4D12-B19A-48AA-B010-42F3F565F2AF}.Debug|x86.ActiveCfg = Debug|x86
		{F62F4D12-B19A-48AA-B010-42F3F565F2AF}.Debug|x86.Build.0 = Debug|x86
		{F62F4D12-B19A-48AA-B010-42F3F565F2AF}.Debug|x86.Deploy.0 = Debug|x86
		{F62F4D12-B19A-48AA-B010-42F3F565F2AF}.Release|Any CPU.ActiveCfg = Release|x86
		{F62F4D12-B19A-48AA-B010-42F3F565F2AF}.Release|ARM.ActiveCfg = Release|ARM
		{F62F4D12-B19A-48AA-B010-42F3F565F2AF}.Release|ARM.Build.0 = Release|ARM
		{F62F4D12-B19A-48AA-B010-42F3F565F2AF}.Release|ARM.Deploy.0 = Release|ARM
		{F62F4D12-B19A-48AA-B010-42F3F565F2AF}.Release|iPhone.ActiveCfg = Release|x86
		{F62F4D12-B19A-48AA-B010-42F3F565F2AF}.Release|iPhoneSimulator.ActiveCfg = Release|x86
		{F62F4D12-B19A-48AA-B010-42F3F565F2AF}.Release|x64.ActiveCfg = Release|x64
		{F62F4D12-B19A-48AA-B010-42F3F565F2AF}.Release|x64.Build.0 = Release|x64
		{F62F4D12-B19A-48AA-B010-42F3F565F2AF}.Release|x64.Deploy.0 = Release|x64
		{F62F4D12-B19A-48AA-B010-42F3F565F2AF}.Release|x86.ActiveCfg = Release|x86
		{F62F4D12-B19A-48AA-B010-42F3F565F2AF}.Release|x86.Build.0 = Release|x86
		{F62F4D12-B19A-48AA-B010-42F3F565F2AF}.Release|x86.Deploy.0 = Release|x86
		{E317C5FB-5D5E-4B75-AFC3-973FE2715617}.Ad-Hoc|Any CPU.ActiveCfg = Debug|Any CPU
		{E317C5FB-5D5E-4B75-AFC3-973FE2715617}.Ad-Hoc|Any CPU.Build.0 = Debug|Any CPU
		{E317C5FB-5D5E-4B75-AFC3-973FE2715617}.Ad-Hoc|ARM.ActiveCfg = Debug|Any CPU
		{E317C5FB-5D5E-4B75-AFC3-973FE2715617}.Ad-Hoc|ARM.Build.0 = Debug|Any CPU
		{E317C5FB-5D5E-4B75-AFC3-973FE2715617}.Ad-Hoc|iPhone.ActiveCfg = Debug|Any CPU
		{E317C5FB-5D5E-4B75-AFC3-973FE2715617}.Ad-Hoc|iPhone.Build.0 = Debug|Any CPU
		{E317C5FB-5D5E-4B75-AFC3-973FE2715617}.Ad-Hoc|iPhoneSimulator.ActiveCfg = Debug|Any CPU
		{E317C5FB-5D5E-4B75-AFC3-973FE2715617}.Ad-Hoc|iPhoneSimulator.Build.0 = Debug|Any CPU
		{E317C5FB-5D5E-4B75-AFC3-973FE2715617}.Ad-Hoc|x64.ActiveCfg = Debug|Any CPU
		{E317C5FB-5D5E-4B75-AFC3-973FE2715617}.Ad-Hoc|x64.Build.0 = Debug|Any CPU
		{E317C5FB-5D5E-4B75-AFC3-973FE2715617}.Ad-Hoc|x86.ActiveCfg = Debug|Any CPU
		{E317C5FB-5D5E-4B75-AFC3-973FE2715617}.Ad-Hoc|x86.Build.0 = Debug|Any CPU
		{E317C5FB-5D5E-4B75-AFC3-973FE2715617}.AppStore|Any CPU.ActiveCfg = Debug|Any CPU
		{E317C5FB-5D5E-4B75-AFC3-973FE2715617}.AppStore|Any CPU.Build.0 = Debug|Any CPU
		{E317C5FB-5D5E-4B75-AFC3-973FE2715617}.AppStore|ARM.ActiveCfg = Debug|Any CPU
		{E317C5FB-5D5E-4B75-AFC3-973FE2715617}.AppStore|ARM.Build.0 = Debug|Any CPU
		{E317C5FB-5D5E-4B75-AFC3-973FE2715617}.AppStore|iPhone.ActiveCfg = Debug|Any CPU
		{E317C5FB-5D5E-4B75-AFC3-973FE2715617}.AppStore|iPhone.Build.0 = Debug|Any CPU
		{E317C5FB-5D5E-4B75-AFC3-973FE2715617}.AppStore|iPhoneSimulator.ActiveCfg = Debug|Any CPU
		{E317C5FB-5D5E-4B75-AFC3-973FE2715617}.AppStore|iPhoneSimulator.Build.0 = Debug|Any CPU
		{E317C5FB-5D5E-4B75-AFC3-973FE2715617}.AppStore|x64.ActiveCfg = Debug|Any CPU
		{E317C5FB-5D5E-4B75-AFC3-973FE2715617}.AppStore|x64.Build.0 = Debug|Any CPU
		{E317C5FB-5D5E-4B75-AFC3-973FE2715617}.AppStore|x86.ActiveCfg = Debug|Any CPU
		{E317C5FB-5D5E-4B75-AFC3-973FE2715617}.AppStore|x86.Build.0 = Debug|Any CPU
		{E317C5FB-5D5E-4B75-AFC3-973FE2715617}.Debug|Any CPU.ActiveCfg = Debug|Any CPU
		{E317C5FB-5D5E-4B75-AFC3-973FE2715617}.Debug|Any CPU.Build.0 = Debug|Any CPU
		{E317C5FB-5D5E-4B75-AFC3-973FE2715617}.Debug|ARM.ActiveCfg = Debug|Any CPU
		{E317C5FB-5D5E-4B75-AFC3-973FE2715617}.Debug|ARM.Build.0 = Debug|Any CPU
		{E317C5FB-5D5E-4B75-AFC3-973FE2715617}.Debug|iPhone.ActiveCfg = Debug|Any CPU
		{E317C5FB-5D5E-4B75-AFC3-973FE2715617}.Debug|iPhone.Build.0 = Debug|Any CPU
		{E317C5FB-5D5E-4B75-AFC3-973FE2715617}.Debug|iPhoneSimulator.ActiveCfg = Debug|Any CPU
		{E317C5FB-5D5E-4B75-AFC3-973FE2715617}.Debug|iPhoneSimulator.Build.0 = Debug|Any CPU
		{E317C5FB-5D5E-4B75-AFC3-973FE2715617}.Debug|x64.ActiveCfg = Debug|Any CPU
		{E317C5FB-5D5E-4B75-AFC3-973FE2715617}.Debug|x64.Build.0 = Debug|Any CPU
		{E317C5FB-5D5E-4B75-AFC3-973FE2715617}.Debug|x86.ActiveCfg = Debug|Any CPU
		{E317C5FB-5D5E-4B75-AFC3-973FE2715617}.Debug|x86.Build.0 = Debug|Any CPU
		{E317C5FB-5D5E-4B75-AFC3-973FE2715617}.Release|Any CPU.ActiveCfg = Release|Any CPU
		{E317C5FB-5D5E-4B75-AFC3-973FE2715617}.Release|Any CPU.Build.0 = Release|Any CPU
		{E317C5FB-5D5E-4B75-AFC3-973FE2715617}.Release|ARM.ActiveCfg = Release|Any CPU
		{E317C5FB-5D5E-4B75-AFC3-973FE2715617}.Release|ARM.Build.0 = Release|Any CPU
		{E317C5FB-5D5E-4B75-AFC3-973FE2715617}.Release|iPhone.ActiveCfg = Release|Any CPU
		{E317C5FB-5D5E-4B75-AFC3-973FE2715617}.Release|iPhone.Build.0 = Release|Any CPU
		{E317C5FB-5D5E-4B75-AFC3-973FE2715617}.Release|iPhoneSimulator.ActiveCfg = Release|Any CPU
		{E317C5FB-5D5E-4B75-AFC3-973FE2715617}.Release|iPhoneSimulator.Build.0 = Release|Any CPU
		{E317C5FB-5D5E-4B75-AFC3-973FE2715617}.Release|x64.ActiveCfg = Release|Any CPU
		{E317C5FB-5D5E-4B75-AFC3-973FE2715617}.Release|x64.Build.0 = Release|Any CPU
		{E317C5FB-5D5E-4B75-AFC3-973FE2715617}.Release|x86.ActiveCfg = Release|Any CPU
		{E317C5FB-5D5E-4B75-AFC3-973FE2715617}.Release|x86.Build.0 = Release|Any CPU
	EndGlobalSection
	GlobalSection(SolutionProperties) = preSolution
		HideSolutionNode = FALSE
	EndGlobalSection
	GlobalSection(ExtensibilityGlobals) = postSolution
		SolutionGuid = {EE2147CF-1C72-4D74-A40E-EB1EC6F24DAB}
	EndGlobalSection
EndGlobal
